
Microsoft Visual Studio Solution File, Format Version 12.00
# Visual Studio Version 17
VisualStudioVersion = 17.4.33103.184
MinimumVisualStudioVersion = 10.0.40219.1
Project("{FAE04EC0-301F-11D3-BF4B-00C04F79EFBC}") = "ISSAPIAutomationFramework", "ISSAPIAutomationFramework\ISSAPIAutomationFramework.csproj", "{9C46DC7F-2658-482B-A53D-DEB86DD4A0F1}"
EndProject
Global
	GlobalSection(SolutionConfigurationPlatforms) = preSolution
		Debug|Any CPU = Debug|Any CPU
		Release|Any CPU = Release|Any CPU
	EndGlobalSection
	GlobalSection(ProjectConfigurationPlatforms) = postSolution
		{9C46DC7F-2658-482B-A53D-DEB86DD4A0F1}.Debug|Any CPU.ActiveCfg = Debug|Any CPU
		{9C46DC7F-2658-482B-A53D-DEB86DD4A0F1}.Debug|Any CPU.Build.0 = Debug|Any CPU
		{9C46DC7F-2658-482B-A53D-DEB86DD4A0F1}.Release|Any CPU.ActiveCfg = Release|Any CPU
		{9C46DC7F-2658-482B-A53D-DEB86DD4A0F1}.Release|Any CPU.Build.0 = Release|Any CPU
	EndGlobalSection
	GlobalSection(SolutionProperties) = preSolution
		HideSolutionNode = FALSE
	EndGlobalSection
	GlobalSection(ExtensibilityGlobals) = postSolution
		SolutionGuid = {576C8A24-21C3-444F-BF44-6979B7A6D1B1}
	EndGlobalSection
EndGlobal
